### YamlMime:ManagedReference
items:
- uid: Microsoft.VisualBasic.Devices.Clock
  id: Clock
  children:
  - Microsoft.VisualBasic.Devices.Clock.#ctor
  - Microsoft.VisualBasic.Devices.Clock.GmtTime
  - Microsoft.VisualBasic.Devices.Clock.LocalTime
  - Microsoft.VisualBasic.Devices.Clock.TickCount
  langs:
  - csharp
  name: Clock
  nameWithType: Clock
  fullName: Microsoft.VisualBasic.Devices.Clock
  type: Class
  summary: "Предоставляет свойства для доступа к текущему местному времени и универсальному времени (эквивалент времени по Гринвичу) из системных часов."
  remarks: "`My.Computer.Clock` Объект предоставляет свойства, чтобы найти текущее местное время для компьютера и время в формате UTC. Он также предоставляет счетчик миллисекунд из таймера системы компьютера."
  example:
  - "This example uses the `My.Computer.Clock.LocalTime` property to display the local time of the computer on which the code runs.  \n  \n [!code-vb[VbVbalrMyComputer#21](~/add/codesnippet/visualbasic/VbVbalrMyComputer/Class1.vb#21)]"
  syntax:
    content: public class Clock
  inheritance:
  - System.Object
  implements: []
  inheritedMembers: []
  platform:
  - net462
- uid: Microsoft.VisualBasic.Devices.Clock.#ctor
  id: '#ctor'
  parent: Microsoft.VisualBasic.Devices.Clock
  langs:
  - csharp
  name: Clock()
  nameWithType: Clock.Clock()
  fullName: Microsoft.VisualBasic.Devices.Clock.Clock()
  type: Constructor
  assemblies:
  - Microsoft.VisualBasic
  namespace: Microsoft.VisualBasic.Devices
  summary: "Initializes a new instance of the <xref href=&quot;Microsoft.VisualBasic.Devices.Clock&quot;></xref> class."
  syntax:
    content: public Clock ();
    parameters: []
  overload: Microsoft.VisualBasic.Devices.Clock.#ctor*
  exceptions: []
  platform:
  - net462
- uid: Microsoft.VisualBasic.Devices.Clock.GmtTime
  id: GmtTime
  parent: Microsoft.VisualBasic.Devices.Clock
  langs:
  - csharp
  name: GmtTime
  nameWithType: Clock.GmtTime
  fullName: Microsoft.VisualBasic.Devices.Clock.GmtTime
  type: Property
  assemblies:
  - Microsoft.VisualBasic
  namespace: Microsoft.VisualBasic.Devices
  summary: "Возвращает <xref uid=&quot;langword_csharp_Date&quot; name=&quot;Date&quot; href=&quot;&quot;> </xref> , содержащий текущую локальную дату и время компьютера, выраженные как время UTC (по Гринвичу)."
  remarks: "`My.Computer.Clock.GmtTime` Свойство имеет то же поведение, что <xref:System.DateTime.UtcNow%2A?displayProperty=fullName>свойство.</xref:System.DateTime.UtcNow%2A?displayProperty=fullName>      ## Доступность по типу проекта ^ ^ ^   |-|-|   | Тип проекта | Доступные |   | Приложение Windows | **Yes**|   | Библиотека классов | **Yes**|   | Консольное приложение | **Yes**|   | Библиотека элементов управления Windows | **Yes**|   | Библиотека элементов управления веб | **Yes**|   | Служба Windows | **Yes**|   | Веб-сайта | **Yes**|"
  example:
  - "This example uses the `My.Computer.Clock.GmtTime` property to display the GMT time of the computer on which the code runs.  \n  \n [!code-vb[VbVbalrMyComputer#22](~/add/codesnippet/visualbasic/VbVbalrMyComputer/Class1.vb#22)]"
  syntax:
    content: public DateTime GmtTime { get; }
    return:
      type: System.DateTime
      description: "Объект <xref uid=&quot;langword_csharp_Date&quot; name=&quot;Date&quot; href=&quot;&quot;> </xref> , содержащий текущую дату и время, выраженные как время в формате UTC (по Гринвичу)."
  overload: Microsoft.VisualBasic.Devices.Clock.GmtTime*
  exceptions: []
  platform:
  - net462
- uid: Microsoft.VisualBasic.Devices.Clock.LocalTime
  id: LocalTime
  parent: Microsoft.VisualBasic.Devices.Clock
  langs:
  - csharp
  name: LocalTime
  nameWithType: Clock.LocalTime
  fullName: Microsoft.VisualBasic.Devices.Clock.LocalTime
  type: Property
  assemblies:
  - Microsoft.VisualBasic
  namespace: Microsoft.VisualBasic.Devices
  summary: "Возвращает <xref uid=&quot;langword_csharp_Date&quot; name=&quot;Date&quot; href=&quot;&quot;> </xref> , содержащий текущую локальную дату и время на этом компьютере."
  remarks: "`My.Computer.Clock.LocalTime` Свойство имеет то же поведение, что <xref:System.DateTime.Now%2A?displayProperty=fullName>свойство.</xref:System.DateTime.Now%2A?displayProperty=fullName>      ## Доступность по типу проекта ^ ^ ^   |-|-|   | Тип проекта | Доступные |   | Приложение Windows | **Yes**|   | Библиотека классов | **Yes**|   | Консольное приложение | **Yes**|   | Библиотека элементов управления Windows | **Yes**|   | Библиотека элементов управления веб | **Yes**|   | Служба Windows | **Yes**|   | Веб-сайта | **Yes**|"
  example:
  - "This example uses the `My.Computer.Clock.LocalTime` property to display the local time of the computer on which the code runs.  \n  \n [!code-vb[VbVbalrMyComputer#21](~/add/codesnippet/visualbasic/VbVbalrMyComputer/Class1.vb#21)]"
  syntax:
    content: public DateTime LocalTime { get; }
    return:
      type: System.DateTime
      description: "Объект <xref uid=&quot;langword_csharp_Date&quot; name=&quot;Date&quot; href=&quot;&quot;> </xref> , содержащий текущим значением местной даты и времени."
  overload: Microsoft.VisualBasic.Devices.Clock.LocalTime*
  exceptions: []
  platform:
  - net462
- uid: Microsoft.VisualBasic.Devices.Clock.TickCount
  id: TickCount
  parent: Microsoft.VisualBasic.Devices.Clock
  langs:
  - csharp
  name: TickCount
  nameWithType: Clock.TickCount
  fullName: Microsoft.VisualBasic.Devices.Clock.TickCount
  type: Property
  assemblies:
  - Microsoft.VisualBasic
  namespace: Microsoft.VisualBasic.Devices
  summary: "Получает число миллисекунд из таймера системы компьютера."
  remarks: "`TickCount` Свойство предоставляет доступ для компьютера системный таймер, который запускается, когда компьютер является активным. Разрешение таймера не менее 500 миллисекунд.       Это свойство можно использовать, чтобы сделать поведение приложения зависимым от указанного времени, для которого был запущен, или его можно использовать для маркировки событий, которые не зависят от часов компьютера.      Настроек [!CAUTION] настроек при значение `TickCount` свойство достигает максимального целого значения (<xref:System.Int32>), затем переходит к значению минимальное целое число (<xref:System.Int32>), отрицательным числом и продолжает увеличивать.</xref:System.Int32> </xref:System.Int32>       Если компьютер работает постоянно, `TickCount` увеличивается от нуля до максимального целого значения приблизительно 24,9 дней.       `TickCount` Свойство увеличивает, только если операционная система установлена; он останавливается при выходе в определенные энергосберегающих режимов, таких как ждущий режим или режим гибернации. `TickCount` Свойство не связано с настройки часов компьютера.       Используйте <xref:Microsoft.VisualBasic.Devices.Clock.LocalTime%2A>свойство или <xref:Microsoft.VisualBasic.Devices.Clock.GmtTime%2A>свойство для получения текущей локальной даты и времени на этом компьютере.</xref:Microsoft.VisualBasic.Devices.Clock.GmtTime%2A> </xref:Microsoft.VisualBasic.Devices.Clock.LocalTime%2A>       `My.Computer.Clock.TickCount` Свойство имеет то же поведение, что <xref:System.Environment.TickCount%2A?displayProperty=fullName>свойство.</xref:System.Environment.TickCount%2A?displayProperty=fullName>      ## Доступность по типу проекта ^ ^ ^   |-|-|   | Тип проекта | Доступные |   | Приложение Windows | **Yes**|   | Библиотека классов | **Yes**|   | Консольное приложение | **Yes**|   | Библиотека элементов управления Windows | **Yes**|   | Библиотека элементов управления веб | **Yes**|   | Служба Windows | **Yes**|   | Веб-сайта | **Yes**|"
  example:
  - "The following example uses the `My.Computer.Clock.TickCount` property to run a task in a loop for a given number of seconds, even if the computer's system time changes while it runs.  \n  \n [!code-vb[VbVbalrMyComputer#20](~/add/codesnippet/visualbasic/VbVbalrMyComputer/Class1.vb#20)]"
  syntax:
    content: public int TickCount { get; }
    return:
      type: System.Int32
      description: "<xref uid=&quot;langword_csharp_Integer&quot; name=&quot;Integer&quot; href=&quot;&quot;> </xref> Содержит значение счетчика миллисекунд таймера системы компьютера."
  overload: Microsoft.VisualBasic.Devices.Clock.TickCount*
  exceptions: []
  platform:
  - net462
references:
- uid: System.Object
  isExternal: false
  name: System.Object
- uid: Microsoft.VisualBasic.Devices.Clock.#ctor
  parent: Microsoft.VisualBasic.Devices.Clock
  isExternal: false
  name: Clock()
  nameWithType: Clock.Clock()
  fullName: Microsoft.VisualBasic.Devices.Clock.Clock()
- uid: Microsoft.VisualBasic.Devices.Clock.GmtTime
  parent: Microsoft.VisualBasic.Devices.Clock
  isExternal: false
  name: GmtTime
  nameWithType: Clock.GmtTime
  fullName: Microsoft.VisualBasic.Devices.Clock.GmtTime
- uid: System.DateTime
  parent: System
  isExternal: true
  name: DateTime
  nameWithType: DateTime
  fullName: System.DateTime
- uid: Microsoft.VisualBasic.Devices.Clock.LocalTime
  parent: Microsoft.VisualBasic.Devices.Clock
  isExternal: false
  name: LocalTime
  nameWithType: Clock.LocalTime
  fullName: Microsoft.VisualBasic.Devices.Clock.LocalTime
- uid: Microsoft.VisualBasic.Devices.Clock.TickCount
  parent: Microsoft.VisualBasic.Devices.Clock
  isExternal: false
  name: TickCount
  nameWithType: Clock.TickCount
  fullName: Microsoft.VisualBasic.Devices.Clock.TickCount
- uid: System.Int32
  parent: System
  isExternal: true
  name: Int32
  nameWithType: Int32
  fullName: System.Int32
- uid: Microsoft.VisualBasic.Devices.Clock.#ctor*
  parent: Microsoft.VisualBasic.Devices.Clock
  isExternal: false
  name: Clock
  nameWithType: Clock.Clock
- uid: Microsoft.VisualBasic.Devices.Clock.GmtTime*
  parent: Microsoft.VisualBasic.Devices.Clock
  isExternal: false
  name: GmtTime
  nameWithType: Clock.GmtTime
- uid: Microsoft.VisualBasic.Devices.Clock.LocalTime*
  parent: Microsoft.VisualBasic.Devices.Clock
  isExternal: false
  name: LocalTime
  nameWithType: Clock.LocalTime
- uid: Microsoft.VisualBasic.Devices.Clock.TickCount*
  parent: Microsoft.VisualBasic.Devices.Clock
  isExternal: false
  name: TickCount
  nameWithType: Clock.TickCount
